
Microsoft Visual Studio Solution File, Format Version 12.00
# Visual Studio Version 16
VisualStudioVersion = 16.0.33920.266
MinimumVisualStudioVersion = 10.0.40219.1
Project("{FAE04EC0-301F-11D3-BF4B-00C04F79EFBC}") = "class practice", "class practice\class practice.csproj", "{42E25560-B000-409A-A5A3-CD29F0F124EA}"
EndProject
Global
	GlobalSection(SolutionConfigurationPlatforms) = preSolution
		Debug|Any CPU = Debug|Any CPU
		Release|Any CPU = Release|Any CPU
	EndGlobalSection
	GlobalSection(ProjectConfigurationPlatforms) = postSolution
		{42E25560-B000-409A-A5A3-CD29F0F124EA}.Debug|Any CPU.ActiveCfg = Debug|Any CPU
		{42E25560-B000-409A-A5A3-CD29F0F124EA}.Debug|Any CPU.Build.0 = Debug|Any CPU
		{42E25560-B000-409A-A5A3-CD29F0F124EA}.Release|Any CPU.ActiveCfg = Release|Any CPU
		{42E25560-B000-409A-A5A3-CD29F0F124EA}.Release|Any CPU.Build.0 = Release|Any CPU
	EndGlobalSection
	GlobalSection(SolutionProperties) = preSolution
		HideSolutionNode = FALSE
	EndGlobalSection
	GlobalSection(ExtensibilityGlobals) = postSolution
		SolutionGuid = {5B6FD13F-03F1-430B-82E9-E63422626CDE}
	EndGlobalSection
EndGlobal
