
Microsoft Visual Studio Solution File, Format Version 12.00
# Visual Studio Version 16
VisualStudioVersion = 16.0.33920.266
MinimumVisualStudioVersion = 10.0.40219.1
Project("{FAE04EC0-301F-11D3-BF4B-00C04F79EFBC}") = "GenericJioMart", "GenericJioMart\GenericJioMart.csproj", "{BCA42EC7-9EF5-4154-AFB6-92AD1FA7119A}"
EndProject
Project("{FAE04EC0-301F-11D3-BF4B-00C04F79EFBC}") = "GenericJioMartConnectin", "..\GenericJioMartConnectin\GenericJioMartConnectin.csproj", "{DF5F0C21-A1FB-4F00-B093-CFC20F54B086}"
EndProject
Project("{FAE04EC0-301F-11D3-BF4B-00C04F79EFBC}") = "PrimeOrNot", "..\PrimeOrNot\PrimeOrNot.csproj", "{47B70E77-8F0E-44A7-B1C3-0B1FD42DD969}"
EndProject
Project("{FAE04EC0-301F-11D3-BF4B-00C04F79EFBC}") = "Armstrong", "..\Armstrong\Armstrong.csproj", "{42E8F3B0-5831-439E-A6CB-D13A60510B82}"
EndProject
Project("{FAE04EC0-301F-11D3-BF4B-00C04F79EFBC}") = "Palindrom", "..\Palindrom\Palindrom.csproj", "{82973998-0DEE-4778-A197-412FE8371B39}"
EndProject
Global
	GlobalSection(SolutionConfigurationPlatforms) = preSolution
		Debug|Any CPU = Debug|Any CPU
		Release|Any CPU = Release|Any CPU
	EndGlobalSection
	GlobalSection(ProjectConfigurationPlatforms) = postSolution
		{BCA42EC7-9EF5-4154-AFB6-92AD1FA7119A}.Debug|Any CPU.ActiveCfg = Debug|Any CPU
		{BCA42EC7-9EF5-4154-AFB6-92AD1FA7119A}.Debug|Any CPU.Build.0 = Debug|Any CPU
		{BCA42EC7-9EF5-4154-AFB6-92AD1FA7119A}.Release|Any CPU.ActiveCfg = Release|Any CPU
		{BCA42EC7-9EF5-4154-AFB6-92AD1FA7119A}.Release|Any CPU.Build.0 = Release|Any CPU
		{DF5F0C21-A1FB-4F00-B093-CFC20F54B086}.Debug|Any CPU.ActiveCfg = Debug|Any CPU
		{DF5F0C21-A1FB-4F00-B093-CFC20F54B086}.Debug|Any CPU.Build.0 = Debug|Any CPU
		{DF5F0C21-A1FB-4F00-B093-CFC20F54B086}.Release|Any CPU.ActiveCfg = Release|Any CPU
		{DF5F0C21-A1FB-4F00-B093-CFC20F54B086}.Release|Any CPU.Build.0 = Release|Any CPU
		{47B70E77-8F0E-44A7-B1C3-0B1FD42DD969}.Debug|Any CPU.ActiveCfg = Debug|Any CPU
		{47B70E77-8F0E-44A7-B1C3-0B1FD42DD969}.Debug|Any CPU.Build.0 = Debug|Any CPU
		{47B70E77-8F0E-44A7-B1C3-0B1FD42DD969}.Release|Any CPU.ActiveCfg = Release|Any CPU
		{47B70E77-8F0E-44A7-B1C3-0B1FD42DD969}.Release|Any CPU.Build.0 = Release|Any CPU
		{42E8F3B0-5831-439E-A6CB-D13A60510B82}.Debug|Any CPU.ActiveCfg = Debug|Any CPU
		{42E8F3B0-5831-439E-A6CB-D13A60510B82}.Debug|Any CPU.Build.0 = Debug|Any CPU
		{42E8F3B0-5831-439E-A6CB-D13A60510B82}.Release|Any CPU.ActiveCfg = Release|Any CPU
		{42E8F3B0-5831-439E-A6CB-D13A60510B82}.Release|Any CPU.Build.0 = Release|Any CPU
		{82973998-0DEE-4778-A197-412FE8371B39}.Debug|Any CPU.ActiveCfg = Debug|Any CPU
		{82973998-0DEE-4778-A197-412FE8371B39}.Debug|Any CPU.Build.0 = Debug|Any CPU
		{82973998-0DEE-4778-A197-412FE8371B39}.Release|Any CPU.ActiveCfg = Release|Any CPU
		{82973998-0DEE-4778-A197-412FE8371B39}.Release|Any CPU.Build.0 = Release|Any CPU
	EndGlobalSection
	GlobalSection(SolutionProperties) = preSolution
		HideSolutionNode = FALSE
	EndGlobalSection
	GlobalSection(ExtensibilityGlobals) = postSolution
		SolutionGuid = {BC4A2EE6-32E6-4A9F-BE63-FFC24203D681}
	EndGlobalSection
EndGlobal
