
Microsoft Visual Studio Solution File, Format Version 12.00
# Visual Studio Version 16
VisualStudioVersion = 16.0.33920.266
MinimumVisualStudioVersion = 10.0.40219.1
Project("{FAE04EC0-301F-11D3-BF4B-00C04F79EFBC}") = "array_practice", "array_practice\array_practice.csproj", "{C639AAB3-AAEA-4AF1-9E47-083D403F3AE4}"
EndProject
Global
	GlobalSection(SolutionConfigurationPlatforms) = preSolution
		Debug|Any CPU = Debug|Any CPU
		Release|Any CPU = Release|Any CPU
	EndGlobalSection
	GlobalSection(ProjectConfigurationPlatforms) = postSolution
		{C639AAB3-AAEA-4AF1-9E47-083D403F3AE4}.Debug|Any CPU.ActiveCfg = Debug|Any CPU
		{C639AAB3-AAEA-4AF1-9E47-083D403F3AE4}.Debug|Any CPU.Build.0 = Debug|Any CPU
		{C639AAB3-AAEA-4AF1-9E47-083D403F3AE4}.Release|Any CPU.ActiveCfg = Release|Any CPU
		{C639AAB3-AAEA-4AF1-9E47-083D403F3AE4}.Release|Any CPU.Build.0 = Release|Any CPU
	EndGlobalSection
	GlobalSection(SolutionProperties) = preSolution
		HideSolutionNode = FALSE
	EndGlobalSection
	GlobalSection(ExtensibilityGlobals) = postSolution
		SolutionGuid = {364CA0D6-7D8A-4CAD-BA47-D689A7730E40}
	EndGlobalSection
EndGlobal
